
Microsoft Visual Studio Solution File, Format Version 12.00
# Visual Studio 2012
Project("{FAE04EC0-301F-11D3-BF4B-00C04F79EFBC}") = "myMessenger_angularJS", "myMessenger_angularJS.csproj", "{E507E96D-CBF4-40BC-9CC1-57252CBA1F6F}"
EndProject
Project("{FAE04EC0-301F-11D3-BF4B-00C04F79EFBC}") = "myMessenger_angularJS.Tests", "myMessenger_angularJS.Tests\myMessenger_angularJS.Tests.csproj", "{B21C793B-91BB-4C53-9008-A7928144B5AE}"
EndProject
Global
	GlobalSection(SolutionConfigurationPlatforms) = preSolution
		Debug|Any CPU = Debug|Any CPU
		Release|Any CPU = Release|Any CPU
	EndGlobalSection
	GlobalSection(ProjectConfigurationPlatforms) = postSolution
		{E507E96D-CBF4-40BC-9CC1-57252CBA1F6F}.Debug|Any CPU.ActiveCfg = Debug|Any CPU
		{E507E96D-CBF4-40BC-9CC1-57252CBA1F6F}.Debug|Any CPU.Build.0 = Debug|Any CPU
		{E507E96D-CBF4-40BC-9CC1-57252CBA1F6F}.Release|Any CPU.ActiveCfg = Release|Any CPU
		{E507E96D-CBF4-40BC-9CC1-57252CBA1F6F}.Release|Any CPU.Build.0 = Release|Any CPU
		{B21C793B-91BB-4C53-9008-A7928144B5AE}.Debug|Any CPU.ActiveCfg = Debug|Any CPU
		{B21C793B-91BB-4C53-9008-A7928144B5AE}.Debug|Any CPU.Build.0 = Debug|Any CPU
		{B21C793B-91BB-4C53-9008-A7928144B5AE}.Release|Any CPU.ActiveCfg = Release|Any CPU
		{B21C793B-91BB-4C53-9008-A7928144B5AE}.Release|Any CPU.Build.0 = Release|Any CPU
	EndGlobalSection
EndGlobal
